
Microsoft Visual Studio Solution File, Format Version 12.00
# Visual Studio Version 16
VisualStudioVersion = 25.0.1704.4
MinimumVisualStudioVersion = 10.0.40219.1
Project("{FAE04EC0-301F-11D3-BF4B-00C04F79EFBC}") = "BlazorMatchGame", "BlazorMatchGame\BlazorMatchGame.csproj", "{861C6A60-E7FD-45A2-8368-7B8C6D429568}"
EndProject
Global
	GlobalSection(SolutionConfigurationPlatforms) = preSolution
		Debug|Any CPU = Debug|Any CPU
		Release|Any CPU = Release|Any CPU
	EndGlobalSection
	GlobalSection(ProjectConfigurationPlatforms) = postSolution
		{861C6A60-E7FD-45A2-8368-7B8C6D429568}.Debug|Any CPU.ActiveCfg = Debug|Any CPU
		{861C6A60-E7FD-45A2-8368-7B8C6D429568}.Debug|Any CPU.Build.0 = Debug|Any CPU
		{861C6A60-E7FD-45A2-8368-7B8C6D429568}.Release|Any CPU.ActiveCfg = Release|Any CPU
		{861C6A60-E7FD-45A2-8368-7B8C6D429568}.Release|Any CPU.Build.0 = Release|Any CPU
	EndGlobalSection
	GlobalSection(SolutionProperties) = preSolution
		HideSolutionNode = FALSE
	EndGlobalSection
	GlobalSection(ExtensibilityGlobals) = postSolution
		SolutionGuid = {5AAC844C-1E9E-498A-A553-CBB5EC17047F}
	EndGlobalSection
EndGlobal
